# THIS IS AN AUTOGENERATED FILE. DO NOT EDIT THIS FILE DIRECTLY.
# yarn lockfile v1


"@figma/plugin-typings@^1.31.0":
  version "1.31.0"
  resolved "https://registry.yarnpkg.com/@figma/plugin-typings/-/plugin-typings-1.31.0.tgz#a4a4d2e018c91b2a5a02dc7b33d01973f044de2e"
  integrity sha512-9mOEn31yyta5QC3E3lpAaoHKeEP1/NH++nFOeXjQrfOEgVnX7za9+aG5biVxPS9DZpBcquIIHqyq31Ejnu8MgQ==

"@types/node@^16.7.1":
  version "16.7.2"
  resolved "https://registry.yarnpkg.com/@types/node/-/node-16.7.2.tgz#0465a39b5456b61a04d98bd5545f8b34be340cb7"
  integrity sha512-TbG4TOx9hng8FKxaVrCisdaxKxqEwJ3zwHoCWXZ0Jw6mnvTInpaB99/2Cy4+XxpXtjNv9/TgfGSvZFyfV/t8Fw==
